github.com/aws/aws-sdk-go v1.13.16 h1:cnDTVVkpO9ls15KnYL/2KVUV4XnDN+pTRjc5fHrbMGc=
github.com/aws/aws-sdk-go v1.13.16/go.mod h1:ZRmQr0FajVIyZ4ZzBYKG5P3ZqPz9IHG41ZoMu1ADI3k=
github.com/davecgh/go-spew v1.1.0/go.mod h1:J7Y8YcW2NihsgmVo/mv3lAwl/skON4iLHjSsI+c5H38=
github.com/davecgh/go-spew v1.1.1 h1:vj9j/u1bqnvCEfJOwUhtlOARqs3+rkHYY13jYWTU97c=
github.com/davecgh/go-spew v1.1.1/go.mod h1:J7Y8YcW2NihsgmVo/mv3lAwl/skON4iLHjSsI+c5H38=
github.com/davidbanham/kewpie_go v0.0.0-20181120051140-7acfd5e36e14 h1:owasZSqRwoSaUMIEFug0Tu9qlEsg6/cLFmIkuUAv0/E=
github.com/davidbanham/kewpie_go v0.0.0-20181120051140-7acfd5e36e14/go.mod h1:fBrGvxFaS1F1GJsd3892srR9gmtYN7z0dxvPI3arkCY=
github.com/davidbanham/kewpie_go v0.0.0-20190725020513-b14d43011110 h1:ROR/JJovn8mVNuuoBTJZDVLXenYu6OlIfkVd5nDK5hA=
github.com/davidbanham/kewpie_go v0.0.0-20190725020513-b14d43011110/go.mod h1:fBrGvxFaS1F1GJsd3892srR9gmtYN7z0dxvPI3arkCY=
github.com/davidbanham/kewpie_go v0.0.0-20190731015244-d9badd02254e h1:cYAH6ZNzRJNoR1lePAiFTuHPHJaJVPrvIOmx9z/Pt5s=
github.com/davidbanham/kewpie_go v0.0.0-20190731015244-d9badd02254e/go.mod h1:fBrGvxFaS1F1GJsd3892srR9gmtYN7z0dxvPI3arkCY=
github.com/davidbanham/kewpie_go v0.0.0-20190731033706-380078b83c7e h1:z6kaF7315wEz6IiRr0IKJrAM7mDPzqGV4IUpHe+XtYQ=
github.com/davidbanham/kewpie_go v0.0.0-20190731033706-380078b83c7e/go.mod h1:fBrGvxFaS1F1GJsd3892srR9gmtYN7z0dxvPI3arkCY=
github.com/davidbanham/kewpie_go v0.0.0-20190731034846-8868715aa865 h1:wyujQwRQNuhgS4qqg35sfXlw/L+CABQI9AErEbnoIWU=
github.com/davidbanham/kewpie_go v0.0.0-20190731034846-8868715aa865/go.mod h1:fBrGvxFaS1F1GJsd3892srR9gmtYN7z0dxvPI3arkCY=
github.com/davidbanham/kewpie_go v0.0.0-20190801013445-ee2075e8e417 h1:6ncpHHkW9qqV8PV0XNgk9uRNP7yMXydjNB4o3ny7QMA=
github.com/davidbanham/kewpie_go v0.0.0-20190801013445-ee2075e8e417/go.mod h1:fBrGvxFaS1F1GJsd3892srR9gmtYN7z0dxvPI3arkCY=
github.com/davidbanham/kewpie_go v0.0.0-20190801020847-7608ea4cd664 h1:zQsNZf1vCGV95m7CJhRtOfuv/F9uVXf0WEM0ssFLFRk=
github.com/davidbanham/kewpie_go v0.0.0-20190801020847-7608ea4cd664/go.mod h1:fBrGvxFaS1F1GJsd3892srR9gmtYN7z0dxvPI3arkCY=
github.com/davidbanham/kewpie_go v0.0.0-20190801023741-cacbd6cfbd72 h1:h4bsyLJCpzZl5bV0XJA+mz/rhGuCUOcPcvnm49qZPJg=
github.com/davidbanham/kewpie_go v0.0.0-20190801023741-cacbd6cfbd72/go.mod h1:fBrGvxFaS1F1GJsd3892srR9gmtYN7z0dxvPI3arkCY=
github.com/davidbanham/kewpie_go v0.0.0-20190801052241-4edad5bc0472 h1:ANSTZUQXRbzBlNeZkvrGP1gCPLL7pETfp7eVPowp4us=
github.com/davidbanham/kewpie_go v0.0.0-20190801052241-4edad5bc0472/go.mod h1:fBrGvxFaS1F1GJsd3892srR9gmtYN7z0dxvPI3arkCY=
github.com/davidbanham/required_env v0.0.0-20150902120453-a84628a4c244 h1:FgQ8KQ99RjcMqaTSqmdisj2quuDKlL1x62SoRtZQwqw=
github.com/davidbanham/required_env v0.0.0-20150902120453-a84628a4c244/go.mod h1:zJVA+kv43obXkwVzNtnVJK9rIUvzRtV+rSe1qXyf4xk=
github.com/go-ini/ini v1.33.0 h1:/0Y2X+/6jgfPYl2LOihvxikDfznXMufz0Zkr3mW+7Zg=
github.com/go-ini/ini v1.33.0/go.mod h1:ByCAeIL28uOIIG0E3PJtZPDL8WnHpFKFOtgjp+3Ies8=
github.com/jmespath/go-jmespath v0.0.0-20160202185014-0b12d6b521d8 h1:12VvqtR6Aowv3l/EQUlocDHW2Cp4G9WJVH7uyH8QFJE=
github.com/jmespath/go-jmespath v0.0.0-20160202185014-0b12d6b521d8/go.mod h1:Nht3zPeWKUH0NzdCt2Blrr5ys8VGpn0CEB0cQHVjt7k=
github.com/lib/pq v1.0.0 h1:X5PMW56eZitiTeO7tKzZxFCSpbFZJtkMMooicw2us9A=
github.com/lib/pq v1.0.0/go.mod h1:5WUZQaWbwv1U+lTReE5YruASi9Al49XbQIvNi/34Woo=
github.com/pmezard/go-difflib v1.0.0 h1:4DBwDE0NGyQoBHbLQYPwSUPoCMWR5BEzIk/f1lZbAQM=
github.com/pmezard/go-difflib v1.0.0/go.mod h1:iKH77koFhYxTK1pcRnkKkqfTogsbg7gZNVY4sRDYZ/4=
github.com/satori/go.uuid v1.2.0 h1:0uYX9dsZ2yD7q2RtLRtPSdGDWzjeM3TbMJP9utgA0ww=
github.com/satori/go.uuid v1.2.0/go.mod h1:dA0hQrYB0VpLJoorglMZABFdXlWrHn1NEOzdhQKdks0=
github.com/stretchr/objx v0.1.0/go.mod h1:HFkY916IF+rwdDfMAkV7OtwuqBVzrE8GR6GFx+wExME=
github.com/stretchr/testify v1.2.2/go.mod h1:a8OnRcib4nhh0OaRAV+Yts87kKdq0PP7pXfy6kDkUVs=
github.com/stretchr/testify v1.3.0 h1:TivCn/peBQ7UY8ooIcPgZFpTNSz0Q2U6UrFlUfqbe0Q=
github.com/stretchr/testify v1.3.0/go.mod h1:M5WIy9Dh21IEIfnGCwXGc5bZfKNJtfHm1UVUgZn+9EI=
